
Microsoft Visual Studio Solution File, Format Version 12.00
# Visual Studio 15
VisualStudioVersion = 15.0.28010.2041
MinimumVisualStudioVersion = 10.0.40219.1
Project("{FAE04EC0-301F-11D3-BF4B-00C04F79EFBC}") = "Crestron CIP", "Crestron CIP\Crestron CIP.csproj", "{069CDB41-C387-4EF0-AE8A-828559FA6CEC}"
EndProject
Project("{2150E333-8FDC-42A3-9474-1A3956D46DE8}") = "Crestron CIP projects", "Crestron CIP projects", "{7824ACFE-B9F2-44B3-9022-69042161F9B7}"
EndProject
Project("{2150E333-8FDC-42A3-9474-1A3956D46DE8}") = "Gate", "Gate", "{5688870F-CEF3-4EE2-B8BD-530D08E03114}"
EndProject
Project("{FAE04EC0-301F-11D3-BF4B-00C04F79EFBC}") = "Balabolin.Crestron.Gate", "Balabolin.Crestron.Gate\Balabolin.Crestron.Gate.csproj", "{F96253A0-B4C2-4DE9-94E8-00BD2163CA77}"
EndProject
Project("{2150E333-8FDC-42A3-9474-1A3956D46DE8}") = "Plugins", "Plugins", "{8BFC6D27-AFD6-4A3E-B026-03079DD641E1}"
EndProject
Project("{2150E333-8FDC-42A3-9474-1A3956D46DE8}") = "Broadlink", "Broadlink", "{302E7CEC-E314-4AEB-BB64-4A0C837C6EC7}"
EndProject
Project("{FAE04EC0-301F-11D3-BF4B-00C04F79EFBC}") = "Balabolin.Crestron.Gate.Plugins.Broadlink", "Balabolin.Crestron.Gate.Plugins.Broadlink\Balabolin.Crestron.Gate.Plugins.Broadlink.csproj", "{B0DBD540-0734-46E9-8E68-C15460AD7658}"
EndProject
Project("{2150E333-8FDC-42A3-9474-1A3956D46DE8}") = "OpenWeatherMap", "OpenWeatherMap", "{0CF70DE8-163F-4EB6-A1AD-51B64A62CFD7}"
EndProject
Project("{FAE04EC0-301F-11D3-BF4B-00C04F79EFBC}") = "Balabolin.Crestron.Gate.Plugins.OWM", "Balabolin.Crestron.Gate.Plugins.OWM\Balabolin.Crestron.Gate.Plugins.OWM.csproj", "{466605A5-6BA1-4644-BD02-CE0AB6C9AEE1}"
EndProject
Project("{2150E333-8FDC-42A3-9474-1A3956D46DE8}") = "MQTT", "MQTT", "{A69F9459-CA5D-403E-B061-BB89A075ECBA}"
EndProject
Project("{FAE04EC0-301F-11D3-BF4B-00C04F79EFBC}") = "Balabolin.Crestron.Gate.Plugins.MQTT", "Balabolin.Crestron.Gate.Plugins.MQTT\Balabolin.Crestron.Gate.Plugins.MQTT.csproj", "{8CF32ABF-C624-4CBA-B222-721D98FF45E2}"
EndProject
Project("{FAE04EC0-301F-11D3-BF4B-00C04F79EFBC}") = "Balabolin.Crestron.Gates.Broadlink", "Crestron to Broadlink gate\Balabolin.Crestron.Gates.Broadlink.csproj", "{22F34F4E-7FE4-4BC7-8BF2-7A97091601EA}"
EndProject
Global
	GlobalSection(SolutionConfigurationPlatforms) = preSolution
		Debug|Any CPU = Debug|Any CPU
		Release|Any CPU = Release|Any CPU
	EndGlobalSection
	GlobalSection(ProjectConfigurationPlatforms) = postSolution
		{069CDB41-C387-4EF0-AE8A-828559FA6CEC}.Debug|Any CPU.ActiveCfg = Debug|Any CPU
		{069CDB41-C387-4EF0-AE8A-828559FA6CEC}.Debug|Any CPU.Build.0 = Debug|Any CPU
		{069CDB41-C387-4EF0-AE8A-828559FA6CEC}.Release|Any CPU.ActiveCfg = Release|Any CPU
		{069CDB41-C387-4EF0-AE8A-828559FA6CEC}.Release|Any CPU.Build.0 = Release|Any CPU
		{F96253A0-B4C2-4DE9-94E8-00BD2163CA77}.Debug|Any CPU.ActiveCfg = Debug|Any CPU
		{F96253A0-B4C2-4DE9-94E8-00BD2163CA77}.Debug|Any CPU.Build.0 = Debug|Any CPU
		{F96253A0-B4C2-4DE9-94E8-00BD2163CA77}.Release|Any CPU.ActiveCfg = Release|Any CPU
		{F96253A0-B4C2-4DE9-94E8-00BD2163CA77}.Release|Any CPU.Build.0 = Release|Any CPU
		{B0DBD540-0734-46E9-8E68-C15460AD7658}.Debug|Any CPU.ActiveCfg = Debug|Any CPU
		{B0DBD540-0734-46E9-8E68-C15460AD7658}.Debug|Any CPU.Build.0 = Debug|Any CPU
		{B0DBD540-0734-46E9-8E68-C15460AD7658}.Release|Any CPU.ActiveCfg = Release|Any CPU
		{B0DBD540-0734-46E9-8E68-C15460AD7658}.Release|Any CPU.Build.0 = Release|Any CPU
		{466605A5-6BA1-4644-BD02-CE0AB6C9AEE1}.Debug|Any CPU.ActiveCfg = Debug|Any CPU
		{466605A5-6BA1-4644-BD02-CE0AB6C9AEE1}.Debug|Any CPU.Build.0 = Debug|Any CPU
		{466605A5-6BA1-4644-BD02-CE0AB6C9AEE1}.Release|Any CPU.ActiveCfg = Release|Any CPU
		{466605A5-6BA1-4644-BD02-CE0AB6C9AEE1}.Release|Any CPU.Build.0 = Release|Any CPU
		{8CF32ABF-C624-4CBA-B222-721D98FF45E2}.Debug|Any CPU.ActiveCfg = Debug|Any CPU
		{8CF32ABF-C624-4CBA-B222-721D98FF45E2}.Debug|Any CPU.Build.0 = Debug|Any CPU
		{8CF32ABF-C624-4CBA-B222-721D98FF45E2}.Release|Any CPU.ActiveCfg = Release|Any CPU
		{8CF32ABF-C624-4CBA-B222-721D98FF45E2}.Release|Any CPU.Build.0 = Release|Any CPU
		{22F34F4E-7FE4-4BC7-8BF2-7A97091601EA}.Debug|Any CPU.ActiveCfg = Debug|Any CPU
		{22F34F4E-7FE4-4BC7-8BF2-7A97091601EA}.Debug|Any CPU.Build.0 = Debug|Any CPU
		{22F34F4E-7FE4-4BC7-8BF2-7A97091601EA}.Release|Any CPU.ActiveCfg = Release|Any CPU
		{22F34F4E-7FE4-4BC7-8BF2-7A97091601EA}.Release|Any CPU.Build.0 = Release|Any CPU
	EndGlobalSection
	GlobalSection(SolutionProperties) = preSolution
		HideSolutionNode = FALSE
	EndGlobalSection
	GlobalSection(NestedProjects) = preSolution
		{069CDB41-C387-4EF0-AE8A-828559FA6CEC} = {7824ACFE-B9F2-44B3-9022-69042161F9B7}
		{F96253A0-B4C2-4DE9-94E8-00BD2163CA77} = {5688870F-CEF3-4EE2-B8BD-530D08E03114}
		{8BFC6D27-AFD6-4A3E-B026-03079DD641E1} = {5688870F-CEF3-4EE2-B8BD-530D08E03114}
		{302E7CEC-E314-4AEB-BB64-4A0C837C6EC7} = {8BFC6D27-AFD6-4A3E-B026-03079DD641E1}
		{B0DBD540-0734-46E9-8E68-C15460AD7658} = {302E7CEC-E314-4AEB-BB64-4A0C837C6EC7}
		{0CF70DE8-163F-4EB6-A1AD-51B64A62CFD7} = {8BFC6D27-AFD6-4A3E-B026-03079DD641E1}
		{466605A5-6BA1-4644-BD02-CE0AB6C9AEE1} = {0CF70DE8-163F-4EB6-A1AD-51B64A62CFD7}
		{A69F9459-CA5D-403E-B061-BB89A075ECBA} = {8BFC6D27-AFD6-4A3E-B026-03079DD641E1}
		{8CF32ABF-C624-4CBA-B222-721D98FF45E2} = {A69F9459-CA5D-403E-B061-BB89A075ECBA}
	EndGlobalSection
	GlobalSection(ExtensibilityGlobals) = postSolution
		SolutionGuid = {BB3436AA-0AC8-4AED-841C-80F0593056E2}
	EndGlobalSection
EndGlobal
